// !$*UTF8*$!
{
	archiveVersion = 1;
	classes = {
	};
	objectVersion = 45;
	objects = {

/* Begin PBXBuildFile section */
		1D3623260D0F684500981E51 /* PhotoPickerAppDelegate.m in Sources */ = {isa = PBXBuildFile; fileRef = 1D3623250D0F684500981E51 /* PhotoPickerAppDelegate.m */; };
		1D60589B0D05DD56006BFB54 /* main.m in Sources */ = {isa = PBXBuildFile; fileRef = 29B97316FDCFA39411CA2CEA /* main.m */; };
		1D60589F0D05DD5A006BFB54 /* Foundation.framework in Frameworks */ = {isa = PBXBuildFile; fileRef = 1D30AB110D05D00D00671497 /* Foundation.framework */; };
		1DF5F4E00D08C38300B7A737 /* UIKit.framework in Frameworks */ = {isa = PBXBuildFile; fileRef = 1DF5F4DF0D08C38300B7A737 /* UIKit.framework */; };
		288765A50DF7441C002DB57D /* CoreGraphics.framework in Frameworks */ = {isa = PBXBuildFile; fileRef = 288765A40DF7441C002DB57D /* CoreGraphics.framework */; };
		28AD733F0D9D9553002E5188 /* MainWindow.xib in Resources */ = {isa = PBXBuildFile; fileRef = 28AD733E0D9D9553002E5188 /* MainWindow.xib */; };
		3A113EC910CF3C5500C9DDCF /* Entitlements.plist in Resources */ = {isa = PBXBuildFile; fileRef = 3A113EC810CF3C5500C9DDCF /* Entitlements.plist */; };
		4935493F13008DA900A7A44E /* SFHFKeychainUtils.m in Sources */ = {isa = PBXBuildFile; fileRef = 4935493E13008DA900A7A44E /* SFHFKeychainUtils.m */; };
		49354963130096A000A7A44E /* Security.framework in Frameworks */ = {isa = PBXBuildFile; fileRef = 49354962130096A000A7A44E /* Security.framework */; };
		494C81E212E8DBAD000931F2 /* Default.png in Resources */ = {isa = PBXBuildFile; fileRef = 494C81E112E8DBAD000931F2 /* Default.png */; };
		494C821212E8E385000931F2 /* SourcePickerViewController.m in Sources */ = {isa = PBXBuildFile; fileRef = 494C821012E8E385000931F2 /* SourcePickerViewController.m */; };
		494C821312E8E385000931F2 /* SourcePickerViewController.xib in Resources */ = {isa = PBXBuildFile; fileRef = 494C821112E8E385000931F2 /* SourcePickerViewController.xib */; };
		494C82C812ECBEB6000931F2 /* ImageUploadViewController.m in Sources */ = {isa = PBXBuildFile; fileRef = 494C82C612ECBEB6000931F2 /* ImageUploadViewController.m */; };
		494C82C912ECBEB6000931F2 /* ImageUploadViewController.xib in Resources */ = {isa = PBXBuildFile; fileRef = 494C82C712ECBEB6000931F2 /* ImageUploadViewController.xib */; };
		494C834E12ECEAB3000931F2 /* XMLReader.m in Sources */ = {isa = PBXBuildFile; fileRef = 494C834D12ECEAB3000931F2 /* XMLReader.m */; };
		A127DA4012E0DF9700149FC9 /* SettingsViewController.m in Sources */ = {isa = PBXBuildFile; fileRef = A127DA3E12E0DF9700149FC9 /* SettingsViewController.m */; };
		A127DA4112E0DF9700149FC9 /* SettingsViewController.xib in Resources */ = {isa = PBXBuildFile; fileRef = A127DA3F12E0DF9700149FC9 /* SettingsViewController.xib */; };
		A1338B8612E0F01700662B28 /* ASIAuthenticationDialog.m in Sources */ = {isa = PBXBuildFile; fileRef = A1338B7312E0F01700662B28 /* ASIAuthenticationDialog.m */; };
		A1338B8712E0F01700662B28 /* ASIDataCompressor.m in Sources */ = {isa = PBXBuildFile; fileRef = A1338B7612E0F01700662B28 /* ASIDataCompressor.m */; };
		A1338B8812E0F01700662B28 /* ASIDataDecompressor.m in Sources */ = {isa = PBXBuildFile; fileRef = A1338B7812E0F01700662B28 /* ASIDataDecompressor.m */; };
		A1338B8912E0F01700662B28 /* ASIDownloadCache.m in Sources */ = {isa = PBXBuildFile; fileRef = A1338B7A12E0F01700662B28 /* ASIDownloadCache.m */; };
		A1338B8A12E0F01700662B28 /* ASIFormDataRequest.m in Sources */ = {isa = PBXBuildFile; fileRef = A1338B7C12E0F01700662B28 /* ASIFormDataRequest.m */; };
		A1338B8B12E0F01700662B28 /* ASIHTTPRequest.m in Sources */ = {isa = PBXBuildFile; fileRef = A1338B7E12E0F01700662B28 /* ASIHTTPRequest.m */; };
		A1338B8C12E0F01700662B28 /* ASIInputStream.m in Sources */ = {isa = PBXBuildFile; fileRef = A1338B8212E0F01700662B28 /* ASIInputStream.m */; };
		A1338B8D12E0F01700662B28 /* ASINetworkQueue.m in Sources */ = {isa = PBXBuildFile; fileRef = A1338B8412E0F01700662B28 /* ASINetworkQueue.m */; };
		A159143312E0F6410003BBE2 /* Reachability.m in Sources */ = {isa = PBXBuildFile; fileRef = A159143212E0F6410003BBE2 /* Reachability.m */; };
		A159143D12E0F65F0003BBE2 /* libz.1.1.3.dylib in Frameworks */ = {isa = PBXBuildFile; fileRef = A159143C12E0F65F0003BBE2 /* libz.1.1.3.dylib */; };
		A159144112E0F6770003BBE2 /* CFNetwork.framework in Frameworks */ = {isa = PBXBuildFile; fileRef = A159144012E0F6770003BBE2 /* CFNetwork.framework */; };
		A159144712E0F69C0003BBE2 /* MobileCoreServices.framework in Frameworks */ = {isa = PBXBuildFile; fileRef = A159144612E0F69C0003BBE2 /* MobileCoreServices.framework */; };
		A159144B12E0F6BE0003BBE2 /* SystemConfiguration.framework in Frameworks */ = {isa = PBXBuildFile; fileRef = A159144A12E0F6BE0003BBE2 /* SystemConfiguration.framework */; };
		A1FECB2812E10D41007CF08C /* icon@2x.png in Resources */ = {isa = PBXBuildFile; fileRef = A1FECB2712E10D41007CF08C /* icon@2x.png */; };
		A1FECB2C12E10DCA007CF08C /* ImageDetailsViewController.m in Sources */ = {isa = PBXBuildFile; fileRef = A1FECB2A12E10DCA007CF08C /* ImageDetailsViewController.m */; };
		A1FECB2D12E10DCA007CF08C /* ImageDetailsViewController.xib in Resources */ = {isa = PBXBuildFile; fileRef = A1FECB2B12E10DCA007CF08C /* ImageDetailsViewController.xib */; };
		A1FECB3E12E1105B007CF08C /* CommonsUpload.m in Sources */ = {isa = PBXBuildFile; fileRef = A1FECB3D12E1105B007CF08C /* CommonsUpload.m */; };
		F130561C10CEDA5C00271CD6 /* home-background.png in Resources */ = {isa = PBXBuildFile; fileRef = F130561B10CEDA5C00271CD6 /* home-background.png */; };
		F130561F10CEDBAC00271CD6 /* Configuration.m in Sources */ = {isa = PBXBuildFile; fileRef = F130561E10CEDBAC00271CD6 /* Configuration.m */; };
		F13056EF10CEEB3100271CD6 /* cancel-button-pressed.png in Resources */ = {isa = PBXBuildFile; fileRef = F13056ED10CEEB3100271CD6 /* cancel-button-pressed.png */; };
		F13056F010CEEB3100271CD6 /* cancel-button.png in Resources */ = {isa = PBXBuildFile; fileRef = F13056EE10CEEB3100271CD6 /* cancel-button.png */; };
		F1A2673110C9C04A0044762E /* icon.png in Resources */ = {isa = PBXBuildFile; fileRef = F1A2672F10C9C04A0044762E /* icon.png */; };
		F1A2691210C9D8EE0044762E /* NSData+PhotoPicker.m in Sources */ = {isa = PBXBuildFile; fileRef = F1A2691110C9D8EE0044762E /* NSData+PhotoPicker.m */; };
		F1A269B110C9EA8A0044762E /* UIImage+PhotoPicker.m in Sources */ = {isa = PBXBuildFile; fileRef = F1A269B010C9EA8A0044762E /* UIImage+PhotoPicker.m */; };
/* End PBXBuildFile section */

/* Begin PBXFileReference section */
		1D30AB110D05D00D00671497 /* Foundation.framework */ = {isa = PBXFileReference; lastKnownFileType = wrapper.framework; name = Foundation.framework; path = System/Library/Frameworks/Foundation.framework; sourceTree = SDKROOT; };
		1D3623240D0F684500981E51 /* PhotoPickerAppDelegate.h */ = {isa = PBXFileReference; fileEncoding = 4; lastKnownFileType = sourcecode.c.h; path = PhotoPickerAppDelegate.h; sourceTree = "<group>"; };
		1D3623250D0F684500981E51 /* PhotoPickerAppDelegate.m */ = {isa = PBXFileReference; fileEncoding = 4; lastKnownFileType = sourcecode.c.objc; path = PhotoPickerAppDelegate.m; sourceTree = "<group>"; };
		1D6058910D05DD3D006BFB54 /* WikiSnaps.app */ = {isa = PBXFileReference; explicitFileType = wrapper.application; includeInIndex = 0; path = WikiSnaps.app; sourceTree = BUILT_PRODUCTS_DIR; };
		1DF5F4DF0D08C38300B7A737 /* UIKit.framework */ = {isa = PBXFileReference; lastKnownFileType = wrapper.framework; name = UIKit.framework; path = System/Library/Frameworks/UIKit.framework; sourceTree = SDKROOT; };
		288765A40DF7441C002DB57D /* CoreGraphics.framework */ = {isa = PBXFileReference; lastKnownFileType = wrapper.framework; name = CoreGraphics.framework; path = System/Library/Frameworks/CoreGraphics.framework; sourceTree = SDKROOT; };
		28AD733E0D9D9553002E5188 /* MainWindow.xib */ = {isa = PBXFileReference; lastKnownFileType = file.xib; path = MainWindow.xib; sourceTree = "<group>"; };
		29B97316FDCFA39411CA2CEA /* main.m */ = {isa = PBXFileReference; fileEncoding = 4; lastKnownFileType = sourcecode.c.objc; path = main.m; sourceTree = "<group>"; };
		32CA4F630368D1EE00C91783 /* WikiSnaps_Prefix.pch */ = {isa = PBXFileReference; fileEncoding = 4; lastKnownFileType = sourcecode.c.h; path = WikiSnaps_Prefix.pch; sourceTree = "<group>"; };
		3A113EC810CF3C5500C9DDCF /* Entitlements.plist */ = {isa = PBXFileReference; fileEncoding = 4; lastKnownFileType = text.plist.xml; path = Entitlements.plist; sourceTree = "<group>"; };
		4935493D13008DA900A7A44E /* SFHFKeychainUtils.h */ = {isa = PBXFileReference; fileEncoding = 4; lastKnownFileType = sourcecode.c.h; path = SFHFKeychainUtils.h; sourceTree = "<group>"; };
		4935493E13008DA900A7A44E /* SFHFKeychainUtils.m */ = {isa = PBXFileReference; fileEncoding = 4; lastKnownFileType = sourcecode.c.objc; path = SFHFKeychainUtils.m; sourceTree = "<group>"; };
		49354962130096A000A7A44E /* Security.framework */ = {isa = PBXFileReference; lastKnownFileType = wrapper.framework; name = Security.framework; path = System/Library/Frameworks/Security.framework; sourceTree = SDKROOT; };
		494C81E112E8DBAD000931F2 /* Default.png */ = {isa = PBXFileReference; lastKnownFileType = image.png; path = Default.png; sourceTree = "<group>"; };
		494C820F12E8E385000931F2 /* SourcePickerViewController.h */ = {isa = PBXFileReference; fileEncoding = 4; lastKnownFileType = sourcecode.c.h; path = SourcePickerViewController.h; sourceTree = "<group>"; };
		494C821012E8E385000931F2 /* SourcePickerViewController.m */ = {isa = PBXFileReference; fileEncoding = 4; lastKnownFileType = sourcecode.c.objc; path = SourcePickerViewController.m; sourceTree = "<group>"; };
		494C821112E8E385000931F2 /* SourcePickerViewController.xib */ = {isa = PBXFileReference; lastKnownFileType = file.xib; path = SourcePickerViewController.xib; sourceTree = "<group>"; };
		494C82C512ECBEB6000931F2 /* ImageUploadViewController.h */ = {isa = PBXFileReference; fileEncoding = 4; lastKnownFileType = sourcecode.c.h; path = ImageUploadViewController.h; sourceTree = "<group>"; };
		494C82C612ECBEB6000931F2 /* ImageUploadViewController.m */ = {isa = PBXFileReference; fileEncoding = 4; lastKnownFileType = sourcecode.c.objc; path = ImageUploadViewController.m; sourceTree = "<group>"; };
		494C82C712ECBEB6000931F2 /* ImageUploadViewController.xib */ = {isa = PBXFileReference; lastKnownFileType = file.xib; path = ImageUploadViewController.xib; sourceTree = "<group>"; };
		494C834C12ECEAB3000931F2 /* XMLReader.h */ = {isa = PBXFileReference; fileEncoding = 4; lastKnownFileType = sourcecode.c.h; name = XMLReader.h; path = XMLtoDict/XMLReader.h; sourceTree = "<group>"; };
		494C834D12ECEAB3000931F2 /* XMLReader.m */ = {isa = PBXFileReference; fileEncoding = 4; lastKnownFileType = sourcecode.c.objc; name = XMLReader.m; path = XMLtoDict/XMLReader.m; sourceTree = "<group>"; };
		8D1107310486CEB800E47090 /* WikiSnaps-Info.plist */ = {isa = PBXFileReference; fileEncoding = 4; lastKnownFileType = text.plist.xml; path = "WikiSnaps-Info.plist"; plistStructureDefinitionIdentifier = "com.apple.xcode.plist.structure-definition.iphone.info-plist"; sourceTree = "<group>"; };
		A127DA3D12E0DF9700149FC9 /* SettingsViewController.h */ = {isa = PBXFileReference; fileEncoding = 4; lastKnownFileType = sourcecode.c.h; path = SettingsViewController.h; sourceTree = "<group>"; };
		A127DA3E12E0DF9700149FC9 /* SettingsViewController.m */ = {isa = PBXFileReference; fileEncoding = 4; lastKnownFileType = sourcecode.c.objc; path = SettingsViewController.m; sourceTree = "<group>"; };
		A127DA3F12E0DF9700149FC9 /* SettingsViewController.xib */ = {isa = PBXFileReference; lastKnownFileType = file.xib; path = SettingsViewController.xib; sourceTree = "<group>"; };
		A1338B7212E0F01700662B28 /* ASIAuthenticationDialog.h */ = {isa = PBXFileReference; fileEncoding = 4; lastKnownFileType = sourcecode.c.h; name = ASIAuthenticationDialog.h; path = ASI/ASIAuthenticationDialog.h; sourceTree = "<group>"; };
		A1338B7312E0F01700662B28 /* ASIAuthenticationDialog.m */ = {isa = PBXFileReference; fileEncoding = 4; lastKnownFileType = sourcecode.c.objc; name = ASIAuthenticationDialog.m; path = ASI/ASIAuthenticationDialog.m; sourceTree = "<group>"; };
		A1338B7412E0F01700662B28 /* ASICacheDelegate.h */ = {isa = PBXFileReference; fileEncoding = 4; lastKnownFileType = sourcecode.c.h; name = ASICacheDelegate.h; path = ASI/ASICacheDelegate.h; sourceTree = "<group>"; };
		A1338B7512E0F01700662B28 /* ASIDataCompressor.h */ = {isa = PBXFileReference; fileEncoding = 4; lastKnownFileType = sourcecode.c.h; name = ASIDataCompressor.h; path = ASI/ASIDataCompressor.h; sourceTree = "<group>"; };
		A1338B7612E0F01700662B28 /* ASIDataCompressor.m */ = {isa = PBXFileReference; fileEncoding = 4; lastKnownFileType = sourcecode.c.objc; name = ASIDataCompressor.m; path = ASI/ASIDataCompressor.m; sourceTree = "<group>"; };
		A1338B7712E0F01700662B28 /* ASIDataDecompressor.h */ = {isa = PBXFileReference; fileEncoding = 4; lastKnownFileType = sourcecode.c.h; name = ASIDataDecompressor.h; path = ASI/ASIDataDecompressor.h; sourceTree = "<group>"; };
		A1338B7812E0F01700662B28 /* ASIDataDecompressor.m */ = {isa = PBXFileReference; fileEncoding = 4; lastKnownFileType = sourcecode.c.objc; name = ASIDataDecompressor.m; path = ASI/ASIDataDecompressor.m; sourceTree = "<group>"; };
		A1338B7912E0F01700662B28 /* ASIDownloadCache.h */ = {isa = PBXFileReference; fileEncoding = 4; lastKnownFileType = sourcecode.c.h; name = ASIDownloadCache.h; path = ASI/ASIDownloadCache.h; sourceTree = "<group>"; };
		A1338B7A12E0F01700662B28 /* ASIDownloadCache.m */ = {isa = PBXFileReference; fileEncoding = 4; lastKnownFileType = sourcecode.c.objc; name = ASIDownloadCache.m; path = ASI/ASIDownloadCache.m; sourceTree = "<group>"; };
		A1338B7B12E0F01700662B28 /* ASIFormDataRequest.h */ = {isa = PBXFileReference; fileEncoding = 4; lastKnownFileType = sourcecode.c.h; name = ASIFormDataRequest.h; path = ASI/ASIFormDataRequest.h; sourceTree = "<group>"; };
		A1338B7C12E0F01700662B28 /* ASIFormDataRequest.m */ = {isa = PBXFileReference; fileEncoding = 4; lastKnownFileType = sourcecode.c.objc; name = ASIFormDataRequest.m; path = ASI/ASIFormDataRequest.m; sourceTree = "<group>"; };
		A1338B7D12E0F01700662B28 /* ASIHTTPRequest.h */ = {isa = PBXFileReference; fileEncoding = 4; lastKnownFileType = sourcecode.c.h; name = ASIHTTPRequest.h; path = ASI/ASIHTTPRequest.h; sourceTree = "<group>"; };
		A1338B7E12E0F01700662B28 /* ASIHTTPRequest.m */ = {isa = PBXFileReference; fileEncoding = 4; lastKnownFileType = sourcecode.c.objc; name = ASIHTTPRequest.m; path = ASI/ASIHTTPRequest.m; sourceTree = "<group>"; };
		A1338B7F12E0F01700662B28 /* ASIHTTPRequestConfig.h */ = {isa = PBXFileReference; fileEncoding = 4; lastKnownFileType = sourcecode.c.h; name = ASIHTTPRequestConfig.h; path = ASI/ASIHTTPRequestConfig.h; sourceTree = "<group>"; };
		A1338B8012E0F01700662B28 /* ASIHTTPRequestDelegate.h */ = {isa = PBXFileReference; fileEncoding = 4; lastKnownFileType = sourcecode.c.h; name = ASIHTTPRequestDelegate.h; path = ASI/ASIHTTPRequestDelegate.h; sourceTree = "<group>"; };
		A1338B8112E0F01700662B28 /* ASIInputStream.h */ = {isa = PBXFileReference; fileEncoding = 4; lastKnownFileType = sourcecode.c.h; name = ASIInputStream.h; path = ASI/ASIInputStream.h; sourceTree = "<group>"; };
		A1338B8212E0F01700662B28 /* ASIInputStream.m */ = {isa = PBXFileReference; fileEncoding = 4; lastKnownFileType = sourcecode.c.objc; name = ASIInputStream.m; path = ASI/ASIInputStream.m; sourceTree = "<group>"; };
		A1338B8312E0F01700662B28 /* ASINetworkQueue.h */ = {isa = PBXFileReference; fileEncoding = 4; lastKnownFileType = sourcecode.c.h; name = ASINetworkQueue.h; path = ASI/ASINetworkQueue.h; sourceTree = "<group>"; };
		A1338B8412E0F01700662B28 /* ASINetworkQueue.m */ = {isa = PBXFileReference; fileEncoding = 4; lastKnownFileType = sourcecode.c.objc; name = ASINetworkQueue.m; path = ASI/ASINetworkQueue.m; sourceTree = "<group>"; };
		A1338B8512E0F01700662B28 /* ASIProgressDelegate.h */ = {isa = PBXFileReference; fileEncoding = 4; lastKnownFileType = sourcecode.c.h; name = ASIProgressDelegate.h; path = ASI/ASIProgressDelegate.h; sourceTree = "<group>"; };
		A159143112E0F6410003BBE2 /* Reachability.h */ = {isa = PBXFileReference; fileEncoding = 4; lastKnownFileType = sourcecode.c.h; name = Reachability.h; path = ASI/Reachability.h; sourceTree = "<group>"; };
		A159143212E0F6410003BBE2 /* Reachability.m */ = {isa = PBXFileReference; fileEncoding = 4; lastKnownFileType = sourcecode.c.objc; name = Reachability.m; path = ASI/Reachability.m; sourceTree = "<group>"; };
		A159143C12E0F65F0003BBE2 /* libz.1.1.3.dylib */ = {isa = PBXFileReference; lastKnownFileType = "compiled.mach-o.dylib"; name = libz.1.1.3.dylib; path = usr/lib/libz.1.1.3.dylib; sourceTree = SDKROOT; };
		A159144012E0F6770003BBE2 /* CFNetwork.framework */ = {isa = PBXFileReference; lastKnownFileType = wrapper.framework; name = CFNetwork.framework; path = System/Library/Frameworks/CFNetwork.framework; sourceTree = SDKROOT; };
		A159144612E0F69C0003BBE2 /* MobileCoreServices.framework */ = {isa = PBXFileReference; lastKnownFileType = wrapper.framework; name = MobileCoreServices.framework; path = System/Library/Frameworks/MobileCoreServices.framework; sourceTree = SDKROOT; };
		A159144A12E0F6BE0003BBE2 /* SystemConfiguration.framework */ = {isa = PBXFileReference; lastKnownFileType = wrapper.framework; name = SystemConfiguration.framework; path = System/Library/Frameworks/SystemConfiguration.framework; sourceTree = SDKROOT; };
		A1FECB2712E10D41007CF08C /* icon@2x.png */ = {isa = PBXFileReference; lastKnownFileType = image.png; path = "icon@2x.png"; sourceTree = "<group>"; };
		A1FECB2912E10DCA007CF08C /* ImageDetailsViewController.h */ = {isa = PBXFileReference; fileEncoding = 4; lastKnownFileType = sourcecode.c.h; path = ImageDetailsViewController.h; sourceTree = "<group>"; };
		A1FECB2A12E10DCA007CF08C /* ImageDetailsViewController.m */ = {isa = PBXFileReference; fileEncoding = 4; lastKnownFileType = sourcecode.c.objc; path = ImageDetailsViewController.m; sourceTree = "<group>"; };
		A1FECB2B12E10DCA007CF08C /* ImageDetailsViewController.xib */ = {isa = PBXFileReference; lastKnownFileType = file.xib; path = ImageDetailsViewController.xib; sourceTree = "<group>"; };
		A1FECB3C12E1105B007CF08C /* CommonsUpload.h */ = {isa = PBXFileReference; fileEncoding = 4; lastKnownFileType = sourcecode.c.h; path = CommonsUpload.h; sourceTree = "<group>"; };
		A1FECB3D12E1105B007CF08C /* CommonsUpload.m */ = {isa = PBXFileReference; fileEncoding = 4; lastKnownFileType = sourcecode.c.objc; path = CommonsUpload.m; sourceTree = "<group>"; };
		F130561B10CEDA5C00271CD6 /* home-background.png */ = {isa = PBXFileReference; lastKnownFileType = image.png; path = "home-background.png"; sourceTree = "<group>"; };
		F130561D10CEDBAC00271CD6 /* Configuration.h */ = {isa = PBXFileReference; fileEncoding = 4; lastKnownFileType = sourcecode.c.h; path = Configuration.h; sourceTree = "<group>"; };
		F130561E10CEDBAC00271CD6 /* Configuration.m */ = {isa = PBXFileReference; fileEncoding = 4; lastKnownFileType = sourcecode.c.objc; path = Configuration.m; sourceTree = "<group>"; };
		F13056ED10CEEB3100271CD6 /* cancel-button-pressed.png */ = {isa = PBXFileReference; lastKnownFileType = image.png; path = "cancel-button-pressed.png"; sourceTree = "<group>"; };
		F13056EE10CEEB3100271CD6 /* cancel-button.png */ = {isa = PBXFileReference; lastKnownFileType = image.png; path = "cancel-button.png"; sourceTree = "<group>"; };
		F1A2672F10C9C04A0044762E /* icon.png */ = {isa = PBXFileReference; lastKnownFileType = image.png; path = icon.png; sourceTree = "<group>"; };
		F1A2691010C9D8EE0044762E /* NSData+PhotoPicker.h */ = {isa = PBXFileReference; fileEncoding = 4; lastKnownFileType = sourcecode.c.h; path = "NSData+PhotoPicker.h"; sourceTree = "<group>"; };
		F1A2691110C9D8EE0044762E /* NSData+PhotoPicker.m */ = {isa = PBXFileReference; fileEncoding = 4; lastKnownFileType = sourcecode.c.objc; path = "NSData+PhotoPicker.m"; sourceTree = "<group>"; };
		F1A269AF10C9EA8A0044762E /* UIImage+PhotoPicker.h */ = {isa = PBXFileReference; fileEncoding = 4; lastKnownFileType = sourcecode.c.h; path = "UIImage+PhotoPicker.h"; sourceTree = "<group>"; };
		F1A269B010C9EA8A0044762E /* UIImage+PhotoPicker.m */ = {isa = PBXFileReference; fileEncoding = 4; lastKnownFileType = sourcecode.c.objc; path = "UIImage+PhotoPicker.m"; sourceTree = "<group>"; };
		F1A269C010C9EFDC0044762E /* readme.html */ = {isa = PBXFileReference; fileEncoding = 4; lastKnownFileType = text.html; path = readme.html; sourceTree = "<group>"; };
/* End PBXFileReference section */

/* Begin PBXFrameworksBuildPhase section */
		1D60588F0D05DD3D006BFB54 /* Frameworks */ = {
			isa = PBXFrameworksBuildPhase;
			buildActionMask = 2147483647;
			files = (
				1D60589F0D05DD5A006BFB54 /* Foundation.framework in Frameworks */,
				1DF5F4E00D08C38300B7A737 /* UIKit.framework in Frameworks */,
				288765A50DF7441C002DB57D /* CoreGraphics.framework in Frameworks */,
				A159143D12E0F65F0003BBE2 /* libz.1.1.3.dylib in Frameworks */,
				A159144112E0F6770003BBE2 /* CFNetwork.framework in Frameworks */,
				A159144712E0F69C0003BBE2 /* MobileCoreServices.framework in Frameworks */,
				A159144B12E0F6BE0003BBE2 /* SystemConfiguration.framework in Frameworks */,
				49354963130096A000A7A44E /* Security.framework in Frameworks */,
			);
			runOnlyForDeploymentPostprocessing = 0;
		};
/* End PBXFrameworksBuildPhase section */

/* Begin PBXGroup section */
		080E96DDFE201D6D7F000001 /* Classes */ = {
			isa = PBXGroup;
			children = (
				4935493C13008DA900A7A44E /* security */,
				A1338B7112E0EFFF00662B28 /* ASI */,
				494C833E12ECE900000931F2 /* XMLtoDict */,
				F130561D10CEDBAC00271CD6 /* Configuration.h */,
				F130561E10CEDBAC00271CD6 /* Configuration.m */,
				F1A2691010C9D8EE0044762E /* NSData+PhotoPicker.h */,
				F1A2691110C9D8EE0044762E /* NSData+PhotoPicker.m */,
				F1A269AF10C9EA8A0044762E /* UIImage+PhotoPicker.h */,
				F1A269B010C9EA8A0044762E /* UIImage+PhotoPicker.m */,
				A1FECB3C12E1105B007CF08C /* CommonsUpload.h */,
				A1FECB3D12E1105B007CF08C /* CommonsUpload.m */,
				1D3623240D0F684500981E51 /* PhotoPickerAppDelegate.h */,
				1D3623250D0F684500981E51 /* PhotoPickerAppDelegate.m */,
				A127DA3D12E0DF9700149FC9 /* SettingsViewController.h */,
				A127DA3E12E0DF9700149FC9 /* SettingsViewController.m */,
				494C820F12E8E385000931F2 /* SourcePickerViewController.h */,
				494C821012E8E385000931F2 /* SourcePickerViewController.m */,
				A1FECB2912E10DCA007CF08C /* ImageDetailsViewController.h */,
				A1FECB2A12E10DCA007CF08C /* ImageDetailsViewController.m */,
				494C82C512ECBEB6000931F2 /* ImageUploadViewController.h */,
				494C82C612ECBEB6000931F2 /* ImageUploadViewController.m */,
			);
			path = Classes;
			sourceTree = "<group>";
		};
		19C28FACFE9D520D11CA2CBB /* Products */ = {
			isa = PBXGroup;
			children = (
				1D6058910D05DD3D006BFB54 /* WikiSnaps.app */,
			);
			name = Products;
			sourceTree = "<group>";
		};
		29B97314FDCFA39411CA2CEA /* CustomTemplate */ = {
			isa = PBXGroup;
			children = (
				080E96DDFE201D6D7F000001 /* Classes */,
				29B97315FDCFA39411CA2CEA /* Other Sources */,
				29B97317FDCFA39411CA2CEA /* Resources */,
				29B97323FDCFA39411CA2CEA /* Frameworks */,
				19C28FACFE9D520D11CA2CBB /* Products */,
				F1A269C010C9EFDC0044762E /* readme.html */,
				3A113EC810CF3C5500C9DDCF /* Entitlements.plist */,
			);
			name = CustomTemplate;
			sourceTree = "<group>";
		};
		29B97315FDCFA39411CA2CEA /* Other Sources */ = {
			isa = PBXGroup;
			children = (
				32CA4F630368D1EE00C91783 /* WikiSnaps_Prefix.pch */,
				29B97316FDCFA39411CA2CEA /* main.m */,
			);
			name = "Other Sources";
			sourceTree = "<group>";
		};
		29B97317FDCFA39411CA2CEA /* Resources */ = {
			isa = PBXGroup;
			children = (
				494C82FA12ECDE94000931F2 /* Images */,
				494C82FB12ECDEA6000931F2 /* Xibs */,
				8D1107310486CEB800E47090 /* WikiSnaps-Info.plist */,
			);
			name = Resources;
			sourceTree = "<group>";
		};
		29B97323FDCFA39411CA2CEA /* Frameworks */ = {
			isa = PBXGroup;
			children = (
				1DF5F4DF0D08C38300B7A737 /* UIKit.framework */,
				1D30AB110D05D00D00671497 /* Foundation.framework */,
				288765A40DF7441C002DB57D /* CoreGraphics.framework */,
				A159143C12E0F65F0003BBE2 /* libz.1.1.3.dylib */,
				A159144012E0F6770003BBE2 /* CFNetwork.framework */,
				A159144612E0F69C0003BBE2 /* MobileCoreServices.framework */,
				A159144A12E0F6BE0003BBE2 /* SystemConfiguration.framework */,
				49354962130096A000A7A44E /* Security.framework */,
			);
			name = Frameworks;
			sourceTree = "<group>";
		};
		4935493C13008DA900A7A44E /* security */ = {
			isa = PBXGroup;
			children = (
				4935493D13008DA900A7A44E /* SFHFKeychainUtils.h */,
				4935493E13008DA900A7A44E /* SFHFKeychainUtils.m */,
			);
			path = security;
			sourceTree = "<group>";
		};
		494C82FA12ECDE94000931F2 /* Images */ = {
			isa = PBXGroup;
			children = (
				494C81E112E8DBAD000931F2 /* Default.png */,
				A1FECB2712E10D41007CF08C /* icon@2x.png */,
				F1A2672F10C9C04A0044762E /* icon.png */,
				F13056ED10CEEB3100271CD6 /* cancel-button-pressed.png */,
				F13056EE10CEEB3100271CD6 /* cancel-button.png */,
				F130561B10CEDA5C00271CD6 /* home-background.png */,
			);
			name = Images;
			sourceTree = "<group>";
		};
		494C82FB12ECDEA6000931F2 /* Xibs */ = {
			isa = PBXGroup;
			children = (
				28AD733E0D9D9553002E5188 /* MainWindow.xib */,
				494C821112E8E385000931F2 /* SourcePickerViewController.xib */,
				A127DA3F12E0DF9700149FC9 /* SettingsViewController.xib */,
				A1FECB2B12E10DCA007CF08C /* ImageDetailsViewController.xib */,
				494C82C712ECBEB6000931F2 /* ImageUploadViewController.xib */,
			);
			name = Xibs;
			sourceTree = "<group>";
		};
		494C833E12ECE900000931F2 /* XMLtoDict */ = {
			isa = PBXGroup;
			children = (
				494C834C12ECEAB3000931F2 /* XMLReader.h */,
				494C834D12ECEAB3000931F2 /* XMLReader.m */,
			);
			name = XMLtoDict;
			sourceTree = "<group>";
		};
		A1338B7112E0EFFF00662B28 /* ASI */ = {
			isa = PBXGroup;
			children = (
				A159143112E0F6410003BBE2 /* Reachability.h */,
				A159143212E0F6410003BBE2 /* Reachability.m */,
				A1338B7212E0F01700662B28 /* ASIAuthenticationDialog.h */,
				A1338B7312E0F01700662B28 /* ASIAuthenticationDialog.m */,
				A1338B7412E0F01700662B28 /* ASICacheDelegate.h */,
				A1338B7512E0F01700662B28 /* ASIDataCompressor.h */,
				A1338B7612E0F01700662B28 /* ASIDataCompressor.m */,
				A1338B7712E0F01700662B28 /* ASIDataDecompressor.h */,
				A1338B7812E0F01700662B28 /* ASIDataDecompressor.m */,
				A1338B7912E0F01700662B28 /* ASIDownloadCache.h */,
				A1338B7A12E0F01700662B28 /* ASIDownloadCache.m */,
				A1338B7B12E0F01700662B28 /* ASIFormDataRequest.h */,
				A1338B7C12E0F01700662B28 /* ASIFormDataRequest.m */,
				A1338B7D12E0F01700662B28 /* ASIHTTPRequest.h */,
				A1338B7E12E0F01700662B28 /* ASIHTTPRequest.m */,
				A1338B7F12E0F01700662B28 /* ASIHTTPRequestConfig.h */,
				A1338B8012E0F01700662B28 /* ASIHTTPRequestDelegate.h */,
				A1338B8112E0F01700662B28 /* ASIInputStream.h */,
				A1338B8212E0F01700662B28 /* ASIInputStream.m */,
				A1338B8312E0F01700662B28 /* ASINetworkQueue.h */,
				A1338B8412E0F01700662B28 /* ASINetworkQueue.m */,
				A1338B8512E0F01700662B28 /* ASIProgressDelegate.h */,
			);
			name = ASI;
			sourceTree = "<group>";
		};
/* End PBXGroup section */

/* Begin PBXNativeTarget section */
		1D6058900D05DD3D006BFB54 /* WikiSnaps */ = {
			isa = PBXNativeTarget;
			buildConfigurationList = 1D6058960D05DD3E006BFB54 /* Build configuration list for PBXNativeTarget "WikiSnaps" */;
			buildPhases = (
				1D60588D0D05DD3D006BFB54 /* Resources */,
				1D60588E0D05DD3D006BFB54 /* Sources */,
				1D60588F0D05DD3D006BFB54 /* Frameworks */,
			);
			buildRules = (
			);
			dependencies = (
			);
			name = WikiSnaps;
			productName = PhotoPicker;
			productReference = 1D6058910D05DD3D006BFB54 /* WikiSnaps.app */;
			productType = "com.apple.product-type.application";
		};
/* End PBXNativeTarget section */

/* Begin PBXProject section */
		29B97313FDCFA39411CA2CEA /* Project object */ = {
			isa = PBXProject;
			attributes = {
				ORGANIZATIONNAME = "Wikimedia Commons";
			};
			buildConfigurationList = C01FCF4E08A954540054247B /* Build configuration list for PBXProject "WikiSnaps" */;
			compatibilityVersion = "Xcode 3.1";
			developmentRegion = English;
			hasScannedForEncodings = 1;
			knownRegions = (
				English,
				Japanese,
				French,
				German,
			);
			mainGroup = 29B97314FDCFA39411CA2CEA /* CustomTemplate */;
			projectDirPath = "";
			projectRoot = "";
			targets = (
				1D6058900D05DD3D006BFB54 /* WikiSnaps */,
			);
		};
/* End PBXProject section */

/* Begin PBXResourcesBuildPhase section */
		1D60588D0D05DD3D006BFB54 /* Resources */ = {
			isa = PBXResourcesBuildPhase;
			buildActionMask = 2147483647;
			files = (
				28AD733F0D9D9553002E5188 /* MainWindow.xib in Resources */,
				F1A2673110C9C04A0044762E /* icon.png in Resources */,
				F130561C10CEDA5C00271CD6 /* home-background.png in Resources */,
				F13056EF10CEEB3100271CD6 /* cancel-button-pressed.png in Resources */,
				F13056F010CEEB3100271CD6 /* cancel-button.png in Resources */,
				3A113EC910CF3C5500C9DDCF /* Entitlements.plist in Resources */,
				A127DA4112E0DF9700149FC9 /* SettingsViewController.xib in Resources */,
				A1FECB2812E10D41007CF08C /* icon@2x.png in Resources */,
				A1FECB2D12E10DCA007CF08C /* ImageDetailsViewController.xib in Resources */,
				494C81E212E8DBAD000931F2 /* Default.png in Resources */,
				494C821312E8E385000931F2 /* SourcePickerViewController.xib in Resources */,
				494C82C912ECBEB6000931F2 /* ImageUploadViewController.xib in Resources */,
			);
			runOnlyForDeploymentPostprocessing = 0;
		};
/* End PBXResourcesBuildPhase section */

/* Begin PBXSourcesBuildPhase section */
		1D60588E0D05DD3D006BFB54 /* Sources */ = {
			isa = PBXSourcesBuildPhase;
			buildActionMask = 2147483647;
			files = (
				1D60589B0D05DD56006BFB54 /* main.m in Sources */,
				1D3623260D0F684500981E51 /* PhotoPickerAppDelegate.m in Sources */,
				F1A2691210C9D8EE0044762E /* NSData+PhotoPicker.m in Sources */,
				F1A269B110C9EA8A0044762E /* UIImage+PhotoPicker.m in Sources */,
				F130561F10CEDBAC00271CD6 /* Configuration.m in Sources */,
				A127DA4012E0DF9700149FC9 /* SettingsViewController.m in Sources */,
				A1338B8612E0F01700662B28 /* ASIAuthenticationDialog.m in Sources */,
				A1338B8712E0F01700662B28 /* ASIDataCompressor.m in Sources */,
				A1338B8812E0F01700662B28 /* ASIDataDecompressor.m in Sources */,
				A1338B8912E0F01700662B28 /* ASIDownloadCache.m in Sources */,
				A1338B8A12E0F01700662B28 /* ASIFormDataRequest.m in Sources */,
				A1338B8B12E0F01700662B28 /* ASIHTTPRequest.m in Sources */,
				A1338B8C12E0F01700662B28 /* ASIInputStream.m in Sources */,
				A1338B8D12E0F01700662B28 /* ASINetworkQueue.m in Sources */,
				A159143312E0F6410003BBE2 /* Reachability.m in Sources */,
				A1FECB2C12E10DCA007CF08C /* ImageDetailsViewController.m in Sources */,
				A1FECB3E12E1105B007CF08C /* CommonsUpload.m in Sources */,
				494C821212E8E385000931F2 /* SourcePickerViewController.m in Sources */,
				494C82C812ECBEB6000931F2 /* ImageUploadViewController.m in Sources */,
				494C834E12ECEAB3000931F2 /* XMLReader.m in Sources */,
				4935493F13008DA900A7A44E /* SFHFKeychainUtils.m in Sources */,
			);
			runOnlyForDeploymentPostprocessing = 0;
		};
/* End PBXSourcesBuildPhase section */

/* Begin XCBuildConfiguration section */
		1D6058940D05DD3E006BFB54 /* Debug */ = {
			isa = XCBuildConfiguration;
			buildSettings = {
				ALWAYS_SEARCH_USER_PATHS = NO;
				COPY_PHASE_STRIP = NO;
				GCC_DYNAMIC_NO_PIC = NO;
				GCC_OPTIMIZATION_LEVEL = 0;
				GCC_PRECOMPILE_PREFIX_HEADER = YES;
				GCC_PREFIX_HEADER = WikiSnaps_Prefix.pch;
				INFOPLIST_FILE = "WikiSnaps-Info.plist";
				IPHONEOS_DEPLOYMENT_TARGET = 3.0;
				PRODUCT_NAME = WikiSnaps;
			};
			name = Debug;
		};
		C01FCF4F08A954540054247B /* Debug */ = {
			isa = XCBuildConfiguration;
			buildSettings = {
				ARCHS = "$(ARCHS_STANDARD_32_BIT)";
				CODE_SIGN_IDENTITY = "Don't Code Sign";
				"CODE_SIGN_IDENTITY[sdk=iphoneos*]" = "iPhone Developer";
				GCC_C_LANGUAGE_STANDARD = c99;
				GCC_WARN_ABOUT_RETURN_TYPE = YES;
				GCC_WARN_UNUSED_VARIABLE = YES;
				PREBINDING = NO;
				PROVISIONING_PROFILE = "";
				"PROVISIONING_PROFILE[sdk=iphoneos*]" = "";
				SDKROOT = iphoneos;
			};
			name = Debug;
		};
/* End XCBuildConfiguration section */

/* Begin XCConfigurationList section */
		1D6058960D05DD3E006BFB54 /* Build configuration list for PBXNativeTarget "WikiSnaps" */ = {
			isa = XCConfigurationList;
			buildConfigurations = (
				1D6058940D05DD3E006BFB54 /* Debug */,
			);
			defaultConfigurationIsVisible = 0;
			defaultConfigurationName = Debug;
		};
		C01FCF4E08A954540054247B /* Build configuration list for PBXProject "WikiSnaps" */ = {
			isa = XCConfigurationList;
			buildConfigurations = (
				C01FCF4F08A954540054247B /* Debug */,
			);
			defaultConfigurationIsVisible = 0;
			defaultConfigurationName = Debug;
		};
/* End XCConfigurationList section */
	};
	rootObject = 29B97313FDCFA39411CA2CEA /* Project object */;
}
